// !$*UTF8*$!
{
	archiveVersion = 1;
	classes = {
	};
	objectVersion = 56;
	objects = {

/* Begin PBXBuildFile section */
		B00A2E452C7C5CAB006A6721 /* CategoryButtonView.swift in Sources */ = {isa = PBXBuildFile; fileRef = B00A2E442C7C5CAB006A6721 /* CategoryButtonView.swift */; };
		B00A2E472C7C60D4006A6721 /* CategoryCollectionViewCell.swift in Sources */ = {isa = PBXBuildFile; fileRef = B00A2E462C7C60D4006A6721 /* CategoryCollectionViewCell.swift */; };
		B00A2E4A2C7CAB8A006A6721 /* Kingfisher in Frameworks */ = {isa = PBXBuildFile; productRef = B00A2E492C7CAB8A006A6721 /* Kingfisher */; };
		B0128A0A2C71ED0000B72622 /* SignUpViewModel.swift in Sources */ = {isa = PBXBuildFile; fileRef = B0128A092C71ED0000B72622 /* SignUpViewModel.swift */; };
		B0128A0C2C71ED6300B72622 /* EmailDuplicateCheckModel.swift in Sources */ = {isa = PBXBuildFile; fileRef = B0128A0B2C71ED6300B72622 /* EmailDuplicateCheckModel.swift */; };
		B0128A0E2C71EF2B00B72622 /* EmailDuplicateCheckQuery.swift in Sources */ = {isa = PBXBuildFile; fileRef = B0128A0D2C71EF2B00B72622 /* EmailDuplicateCheckQuery.swift */; };
		B0128A102C72037400B72622 /* SignUpQuery.swift in Sources */ = {isa = PBXBuildFile; fileRef = B0128A0F2C72037400B72622 /* SignUpQuery.swift */; };
		B0128A1A2C74835B00B72622 /* RefreshModel.swift in Sources */ = {isa = PBXBuildFile; fileRef = B0128A192C74835B00B72622 /* RefreshModel.swift */; };
		B0128A1C2C74854200B72622 /* ProfileModel.swift in Sources */ = {isa = PBXBuildFile; fileRef = B0128A1B2C74854200B72622 /* ProfileModel.swift */; };
		B0128A3A2C76332100B72622 /* UICollectionViewLayout +.swift in Sources */ = {isa = PBXBuildFile; fileRef = B0128A392C76332100B72622 /* UICollectionViewLayout +.swift */; };
		B0128A3C2C76342C00B72622 /* HomeCollectionViewCell.swift in Sources */ = {isa = PBXBuildFile; fileRef = B0128A3B2C76342C00B72622 /* HomeCollectionViewCell.swift */; };
		B0128A412C763B4D00B72622 /* CommunityView.swift in Sources */ = {isa = PBXBuildFile; fileRef = B0128A402C763B4D00B72622 /* CommunityView.swift */; };
		B016BFB72C78C28600C01DC1 /* CreatePostQuery.swift in Sources */ = {isa = PBXBuildFile; fileRef = B016BFB62C78C28600C01DC1 /* CreatePostQuery.swift */; };
		B016BFB92C78C65B00C01DC1 /* FetchPostQuery.swift in Sources */ = {isa = PBXBuildFile; fileRef = B016BFB82C78C65A00C01DC1 /* FetchPostQuery.swift */; };
		B016BFBD2C79B80100C01DC1 /* ImageUploadQuery.swift in Sources */ = {isa = PBXBuildFile; fileRef = B016BFBC2C79B80100C01DC1 /* ImageUploadQuery.swift */; };
		B016BFBF2C79C57100C01DC1 /* ImageUploadModel.swift in Sources */ = {isa = PBXBuildFile; fileRef = B016BFBE2C79C57100C01DC1 /* ImageUploadModel.swift */; };
		B016BFC42C7B2E7300C01DC1 /* WrithePostCollectionViewCell.swift in Sources */ = {isa = PBXBuildFile; fileRef = B016BFC32C7B2E7300C01DC1 /* WrithePostCollectionViewCell.swift */; };
		B016BFCD2C7C536F00C01DC1 /* OrderCollectionViewCell.swift in Sources */ = {isa = PBXBuildFile; fileRef = B016BFCC2C7C536F00C01DC1 /* OrderCollectionViewCell.swift */; };
		B016BFCF2C7C539F00C01DC1 /* CommunityViewController.swift in Sources */ = {isa = PBXBuildFile; fileRef = B016BFCE2C7C539F00C01DC1 /* CommunityViewController.swift */; };
		B02CFDC52C6F403200462EF9 /* BaseTableViewCell.swift in Sources */ = {isa = PBXBuildFile; fileRef = B02CFDC42C6F403200462EF9 /* BaseTableViewCell.swift */; };
		B02CFDC72C6F404500462EF9 /* BaseCollectionViewCell.swift in Sources */ = {isa = PBXBuildFile; fileRef = B02CFDC62C6F404500462EF9 /* BaseCollectionViewCell.swift */; };
		B02CFDCA2C6F40DC00462EF9 /* LoginView.swift in Sources */ = {isa = PBXBuildFile; fileRef = B02CFDC92C6F40DC00462EF9 /* LoginView.swift */; };
		B02CFDCC2C6F428300462EF9 /* UIViewController +.swift in Sources */ = {isa = PBXBuildFile; fileRef = B02CFDCB2C6F428300462EF9 /* UIViewController +.swift */; };
		B02CFDCE2C6F42BD00462EF9 /* LoginViewController.swift in Sources */ = {isa = PBXBuildFile; fileRef = B02CFDCD2C6F42BD00462EF9 /* LoginViewController.swift */; };
		B02CFDD12C6F461A00462EF9 /* SnapKit in Frameworks */ = {isa = PBXBuildFile; productRef = B02CFDD02C6F461A00462EF9 /* SnapKit */; };
		B02CFDD42C6F462300462EF9 /* Then in Frameworks */ = {isa = PBXBuildFile; productRef = B02CFDD32C6F462300462EF9 /* Then */; };
		B02CFDD72C6F75C500462EF9 /* RxCocoa in Frameworks */ = {isa = PBXBuildFile; productRef = B02CFDD62C6F75C500462EF9 /* RxCocoa */; };
		B02CFDD92C6F75C500462EF9 /* RxSwift in Frameworks */ = {isa = PBXBuildFile; productRef = B02CFDD82C6F75C500462EF9 /* RxSwift */; };
		B02CFDDC2C6F779A00462EF9 /* HomeView.swift in Sources */ = {isa = PBXBuildFile; fileRef = B02CFDDB2C6F779A00462EF9 /* HomeView.swift */; };
		B02CFDDE2C6F927C00462EF9 /* CommunityTableViewCell.swift in Sources */ = {isa = PBXBuildFile; fileRef = B02CFDDD2C6F927C00462EF9 /* CommunityTableViewCell.swift */; };
		B02CFDE12C6F92EE00462EF9 /* Reusable.swift in Sources */ = {isa = PBXBuildFile; fileRef = B02CFDE02C6F92EE00462EF9 /* Reusable.swift */; };
		B02CFDE32C6F932900462EF9 /* HomeViewModel.swift in Sources */ = {isa = PBXBuildFile; fileRef = B02CFDE22C6F932900462EF9 /* HomeViewModel.swift */; };
		B02CFDE62C6F96E700462EF9 /* SearchPageView.swift in Sources */ = {isa = PBXBuildFile; fileRef = B02CFDE52C6F96E700462EF9 /* SearchPageView.swift */; };
		B02CFDE82C6F9A8A00462EF9 /* UINavigationBar +.swift in Sources */ = {isa = PBXBuildFile; fileRef = B02CFDE72C6F9A8A00462EF9 /* UINavigationBar +.swift */; };
		B02CFDEB2C6FA5FE00462EF9 /* DetailView.swift in Sources */ = {isa = PBXBuildFile; fileRef = B02CFDEA2C6FA5FE00462EF9 /* DetailView.swift */; };
		B02CFDED2C6FA61800462EF9 /* DetailViewController.swift in Sources */ = {isa = PBXBuildFile; fileRef = B02CFDEC2C6FA61800462EF9 /* DetailViewController.swift */; };
		B02CFDF02C706A9A00462EF9 /* FloatingButton.swift in Sources */ = {isa = PBXBuildFile; fileRef = B02CFDEF2C706A9A00462EF9 /* FloatingButton.swift */; };
		B02CFDF32C7077FA00462EF9 /* WritePostViewController.swift in Sources */ = {isa = PBXBuildFile; fileRef = B02CFDF22C7077FA00462EF9 /* WritePostViewController.swift */; };
		B02CFDF52C70781500462EF9 /* WritePostView.swift in Sources */ = {isa = PBXBuildFile; fileRef = B02CFDF42C70781500462EF9 /* WritePostView.swift */; };
		B02CFDF82C70C65600462EF9 /* Router.swift in Sources */ = {isa = PBXBuildFile; fileRef = B02CFDF72C70C65600462EF9 /* Router.swift */; };
		B02CFDFA2C70C73100462EF9 /* TargetType.swift in Sources */ = {isa = PBXBuildFile; fileRef = B02CFDF92C70C73100462EF9 /* TargetType.swift */; };
		B02CFDFD2C70C74900462EF9 /* Alamofire in Frameworks */ = {isa = PBXBuildFile; productRef = B02CFDFC2C70C74900462EF9 /* Alamofire */; };
		B037B0922C70CA4600A17CD7 /* LoginQuery.swift in Sources */ = {isa = PBXBuildFile; fileRef = B037B0912C70CA4600A17CD7 /* LoginQuery.swift */; };
		B037B0942C70CFB500A17CD7 /* Header.swift in Sources */ = {isa = PBXBuildFile; fileRef = B037B0932C70CFB500A17CD7 /* Header.swift */; };
		B037B0962C70D00F00A17CD7 /* UserDefaultsManager.swift in Sources */ = {isa = PBXBuildFile; fileRef = B037B0952C70D00F00A17CD7 /* UserDefaultsManager.swift */; };
		B037B0982C70D7A400A17CD7 /* NetworkManager.swift in Sources */ = {isa = PBXBuildFile; fileRef = B037B0972C70D7A400A17CD7 /* NetworkManager.swift */; };
		B037B09B2C70E04D00A17CD7 /* FetchPostModel.swift in Sources */ = {isa = PBXBuildFile; fileRef = B037B09A2C70E04D00A17CD7 /* FetchPostModel.swift */; };
		B037B09D2C70E58E00A17CD7 /* LoginModel.swift in Sources */ = {isa = PBXBuildFile; fileRef = B037B09C2C70E58E00A17CD7 /* LoginModel.swift */; };
		B037B09F2C70E5DE00A17CD7 /* SignUpModel.swift in Sources */ = {isa = PBXBuildFile; fileRef = B037B09E2C70E5DE00A17CD7 /* SignUpModel.swift */; };
		B037B0A22C70E84400A17CD7 /* SignUpView.swift in Sources */ = {isa = PBXBuildFile; fileRef = B037B0A12C70E84400A17CD7 /* SignUpView.swift */; };
		B037B0A42C70EC6D00A17CD7 /* SignUpViewController.swift in Sources */ = {isa = PBXBuildFile; fileRef = B037B0A32C70EC6D00A17CD7 /* SignUpViewController.swift */; };
		B03934AE2C7724BA00EB34CD /* Tabman in Frameworks */ = {isa = PBXBuildFile; productRef = B03934AD2C7724BA00EB34CD /* Tabman */; };
		B03934B02C77293B00EB34CD /* HomeContentViewController.swift in Sources */ = {isa = PBXBuildFile; fileRef = B03934AF2C77293B00EB34CD /* HomeContentViewController.swift */; };
		B03934B52C78B18000EB34CD /* UIButton +.swift in Sources */ = {isa = PBXBuildFile; fileRef = B03934B42C78B18000EB34CD /* UIButton +.swift */; };
		B06936C02C7CBD1400E0EF56 /* CommunityCreateViewController.swift in Sources */ = {isa = PBXBuildFile; fileRef = B06936BF2C7CBD1400E0EF56 /* CommunityCreateViewController.swift */; };
		B06936C22C7CBD1F00E0EF56 /* CommunityCreatView.swift in Sources */ = {isa = PBXBuildFile; fileRef = B06936C12C7CBD1F00E0EF56 /* CommunityCreatView.swift */; };
		B0DF575E2C6CE84C00CAB497 /* AppDelegate.swift in Sources */ = {isa = PBXBuildFile; fileRef = B0DF575D2C6CE84C00CAB497 /* AppDelegate.swift */; };
		B0DF57602C6CE84C00CAB497 /* SceneDelegate.swift in Sources */ = {isa = PBXBuildFile; fileRef = B0DF575F2C6CE84C00CAB497 /* SceneDelegate.swift */; };
		B0DF57622C6CE84C00CAB497 /* ViewController.swift in Sources */ = {isa = PBXBuildFile; fileRef = B0DF57612C6CE84C00CAB497 /* ViewController.swift */; };
		B0DF57652C6CE84C00CAB497 /* Base in Resources */ = {isa = PBXBuildFile; fileRef = B0DF57642C6CE84C00CAB497 /* Base */; };
		B0DF57672C6CE84E00CAB497 /* Assets.xcassets in Resources */ = {isa = PBXBuildFile; fileRef = B0DF57662C6CE84E00CAB497 /* Assets.xcassets */; };
		B0DF576A2C6CE84E00CAB497 /* Base in Resources */ = {isa = PBXBuildFile; fileRef = B0DF57692C6CE84E00CAB497 /* Base */; };
		B0DF57722C6CE87500CAB497 /* .gitignore in Resources */ = {isa = PBXBuildFile; fileRef = B0DF57712C6CE87500CAB497 /* .gitignore */; };
		B0DF57762C6CE8BF00CAB497 /* SesacKey.swift in Sources */ = {isa = PBXBuildFile; fileRef = B0DF57752C6CE8BF00CAB497 /* SesacKey.swift */; };
		B0DF57782C6CE8C600CAB497 /* BaseURL.swift in Sources */ = {isa = PBXBuildFile; fileRef = B0DF57772C6CE8C600CAB497 /* BaseURL.swift */; };
		B0DF577B2C6E3F9B00CAB497 /* UIColor +.swift in Sources */ = {isa = PBXBuildFile; fileRef = B0DF577A2C6E3F9B00CAB497 /* UIColor +.swift */; };
		B0DF57822C6F34CC00CAB497 /* Pretendard-Bold.otf in Resources */ = {isa = PBXBuildFile; fileRef = B0DF577D2C6F34CB00CAB497 /* Pretendard-Bold.otf */; };
		B0DF57832C6F34CC00CAB497 /* Pretendard-Medium.otf in Resources */ = {isa = PBXBuildFile; fileRef = B0DF577E2C6F34CC00CAB497 /* Pretendard-Medium.otf */; };
		B0DF57842C6F34CC00CAB497 /* Pretendard-Light.otf in Resources */ = {isa = PBXBuildFile; fileRef = B0DF577F2C6F34CC00CAB497 /* Pretendard-Light.otf */; };
		B0DF57852C6F34CC00CAB497 /* Pretendard-Regular.otf in Resources */ = {isa = PBXBuildFile; fileRef = B0DF57802C6F34CC00CAB497 /* Pretendard-Regular.otf */; };
		B0DF57862C6F34CC00CAB497 /* Pretendard-SemiBold.otf in Resources */ = {isa = PBXBuildFile; fileRef = B0DF57812C6F34CC00CAB497 /* Pretendard-SemiBold.otf */; };
		B0DF57882C6F35B100CAB497 /* CustomFont.swift in Sources */ = {isa = PBXBuildFile; fileRef = B0DF57872C6F35B100CAB497 /* CustomFont.swift */; };
		B0DF578B2C6F378900CAB497 /* Phrase.swift in Sources */ = {isa = PBXBuildFile; fileRef = B0DF578A2C6F378900CAB497 /* Phrase.swift */; };
		B0DF578D2C6F3A1100CAB497 /* MainTabBarController.swift in Sources */ = {isa = PBXBuildFile; fileRef = B0DF578C2C6F3A1100CAB497 /* MainTabBarController.swift */; };
		B0DF578F2C6F3A5A00CAB497 /* HomeViewController.swift in Sources */ = {isa = PBXBuildFile; fileRef = B0DF578E2C6F3A5A00CAB497 /* HomeViewController.swift */; };
		B0DF57912C6F3A9E00CAB497 /* SearchPageViewController.swift in Sources */ = {isa = PBXBuildFile; fileRef = B0DF57902C6F3A9E00CAB497 /* SearchPageViewController.swift */; };
		B0DF57932C6F3AB900CAB497 /* SaveViewController.swift in Sources */ = {isa = PBXBuildFile; fileRef = B0DF57922C6F3AB900CAB497 /* SaveViewController.swift */; };
		B0DF57952C6F3AC800CAB497 /* SettingViewController.swift in Sources */ = {isa = PBXBuildFile; fileRef = B0DF57942C6F3AC800CAB497 /* SettingViewController.swift */; };
		B0DF57982C6F3B0800CAB497 /* TabBar.swift in Sources */ = {isa = PBXBuildFile; fileRef = B0DF57972C6F3B0800CAB497 /* TabBar.swift */; };
		B0DF579B2C6F3F0B00CAB497 /* BaseView.swift in Sources */ = {isa = PBXBuildFile; fileRef = B0DF579A2C6F3F0B00CAB497 /* BaseView.swift */; };
		B0DF579D2C6F3F4900CAB497 /* BaseViewController.swift in Sources */ = {isa = PBXBuildFile; fileRef = B0DF579C2C6F3F4900CAB497 /* BaseViewController.swift */; };
/* End PBXBuildFile section */

/* Begin PBXFileReference section */
		B00A2E442C7C5CAB006A6721 /* CategoryButtonView.swift */ = {isa = PBXFileReference; lastKnownFileType = sourcecode.swift; path = CategoryButtonView.swift; sourceTree = "<group>"; };
		B00A2E462C7C60D4006A6721 /* CategoryCollectionViewCell.swift */ = {isa = PBXFileReference; lastKnownFileType = sourcecode.swift; path = CategoryCollectionViewCell.swift; sourceTree = "<group>"; };
		B0128A092C71ED0000B72622 /* SignUpViewModel.swift */ = {isa = PBXFileReference; lastKnownFileType = sourcecode.swift; path = SignUpViewModel.swift; sourceTree = "<group>"; };
		B0128A0B2C71ED6300B72622 /* EmailDuplicateCheckModel.swift */ = {isa = PBXFileReference; lastKnownFileType = sourcecode.swift; path = EmailDuplicateCheckModel.swift; sourceTree = "<group>"; };
		B0128A0D2C71EF2B00B72622 /* EmailDuplicateCheckQuery.swift */ = {isa = PBXFileReference; lastKnownFileType = sourcecode.swift; path = EmailDuplicateCheckQuery.swift; sourceTree = "<group>"; };
		B0128A0F2C72037400B72622 /* SignUpQuery.swift */ = {isa = PBXFileReference; lastKnownFileType = sourcecode.swift; path = SignUpQuery.swift; sourceTree = "<group>"; };
		B0128A192C74835B00B72622 /* RefreshModel.swift */ = {isa = PBXFileReference; lastKnownFileType = sourcecode.swift; path = RefreshModel.swift; sourceTree = "<group>"; };
		B0128A1B2C74854200B72622 /* ProfileModel.swift */ = {isa = PBXFileReference; lastKnownFileType = sourcecode.swift; path = ProfileModel.swift; sourceTree = "<group>"; };
		B0128A392C76332100B72622 /* UICollectionViewLayout +.swift */ = {isa = PBXFileReference; lastKnownFileType = sourcecode.swift; path = "UICollectionViewLayout +.swift"; sourceTree = "<group>"; };
		B0128A3B2C76342C00B72622 /* HomeCollectionViewCell.swift */ = {isa = PBXFileReference; lastKnownFileType = sourcecode.swift; path = HomeCollectionViewCell.swift; sourceTree = "<group>"; };
		B0128A402C763B4D00B72622 /* CommunityView.swift */ = {isa = PBXFileReference; lastKnownFileType = sourcecode.swift; path = CommunityView.swift; sourceTree = "<group>"; };
		B016BFB62C78C28600C01DC1 /* CreatePostQuery.swift */ = {isa = PBXFileReference; lastKnownFileType = sourcecode.swift; path = CreatePostQuery.swift; sourceTree = "<group>"; };
		B016BFB82C78C65A00C01DC1 /* FetchPostQuery.swift */ = {isa = PBXFileReference; lastKnownFileType = sourcecode.swift; path = FetchPostQuery.swift; sourceTree = "<group>"; };
		B016BFBC2C79B80100C01DC1 /* ImageUploadQuery.swift */ = {isa = PBXFileReference; lastKnownFileType = sourcecode.swift; path = ImageUploadQuery.swift; sourceTree = "<group>"; };
		B016BFBE2C79C57100C01DC1 /* ImageUploadModel.swift */ = {isa = PBXFileReference; lastKnownFileType = sourcecode.swift; path = ImageUploadModel.swift; sourceTree = "<group>"; };
		B016BFC32C7B2E7300C01DC1 /* WrithePostCollectionViewCell.swift */ = {isa = PBXFileReference; lastKnownFileType = sourcecode.swift; path = WrithePostCollectionViewCell.swift; sourceTree = "<group>"; };
		B016BFCC2C7C536F00C01DC1 /* OrderCollectionViewCell.swift */ = {isa = PBXFileReference; lastKnownFileType = sourcecode.swift; path = OrderCollectionViewCell.swift; sourceTree = "<group>"; };
		B016BFCE2C7C539F00C01DC1 /* CommunityViewController.swift */ = {isa = PBXFileReference; lastKnownFileType = sourcecode.swift; path = CommunityViewController.swift; sourceTree = "<group>"; };
		B02CFDC42C6F403200462EF9 /* BaseTableViewCell.swift */ = {isa = PBXFileReference; lastKnownFileType = sourcecode.swift; path = BaseTableViewCell.swift; sourceTree = "<group>"; };
		B02CFDC62C6F404500462EF9 /* BaseCollectionViewCell.swift */ = {isa = PBXFileReference; lastKnownFileType = sourcecode.swift; path = BaseCollectionViewCell.swift; sourceTree = "<group>"; };
		B02CFDC92C6F40DC00462EF9 /* LoginView.swift */ = {isa = PBXFileReference; lastKnownFileType = sourcecode.swift; path = LoginView.swift; sourceTree = "<group>"; };
		B02CFDCB2C6F428300462EF9 /* UIViewController +.swift */ = {isa = PBXFileReference; lastKnownFileType = sourcecode.swift; path = "UIViewController +.swift"; sourceTree = "<group>"; };
		B02CFDCD2C6F42BD00462EF9 /* LoginViewController.swift */ = {isa = PBXFileReference; lastKnownFileType = sourcecode.swift; path = LoginViewController.swift; sourceTree = "<group>"; };
		B02CFDDB2C6F779A00462EF9 /* HomeView.swift */ = {isa = PBXFileReference; lastKnownFileType = sourcecode.swift; path = HomeView.swift; sourceTree = "<group>"; };
		B02CFDDD2C6F927C00462EF9 /* CommunityTableViewCell.swift */ = {isa = PBXFileReference; lastKnownFileType = sourcecode.swift; path = CommunityTableViewCell.swift; sourceTree = "<group>"; };
		B02CFDE02C6F92EE00462EF9 /* Reusable.swift */ = {isa = PBXFileReference; lastKnownFileType = sourcecode.swift; path = Reusable.swift; sourceTree = "<group>"; };
		B02CFDE22C6F932900462EF9 /* HomeViewModel.swift */ = {isa = PBXFileReference; lastKnownFileType = sourcecode.swift; path = HomeViewModel.swift; sourceTree = "<group>"; };
		B02CFDE52C6F96E700462EF9 /* SearchPageView.swift */ = {isa = PBXFileReference; lastKnownFileType = sourcecode.swift; path = SearchPageView.swift; sourceTree = "<group>"; };
		B02CFDE72C6F9A8A00462EF9 /* UINavigationBar +.swift */ = {isa = PBXFileReference; lastKnownFileType = sourcecode.swift; path = "UINavigationBar +.swift"; sourceTree = "<group>"; };
		B02CFDEA2C6FA5FE00462EF9 /* DetailView.swift */ = {isa = PBXFileReference; lastKnownFileType = sourcecode.swift; path = DetailView.swift; sourceTree = "<group>"; };
		B02CFDEC2C6FA61800462EF9 /* DetailViewController.swift */ = {isa = PBXFileReference; lastKnownFileType = sourcecode.swift; path = DetailViewController.swift; sourceTree = "<group>"; };
		B02CFDEF2C706A9A00462EF9 /* FloatingButton.swift */ = {isa = PBXFileReference; lastKnownFileType = sourcecode.swift; path = FloatingButton.swift; sourceTree = "<group>"; };
		B02CFDF22C7077FA00462EF9 /* WritePostViewController.swift */ = {isa = PBXFileReference; lastKnownFileType = sourcecode.swift; path = WritePostViewController.swift; sourceTree = "<group>"; };
		B02CFDF42C70781500462EF9 /* WritePostView.swift */ = {isa = PBXFileReference; lastKnownFileType = sourcecode.swift; path = WritePostView.swift; sourceTree = "<group>"; };
		B02CFDF72C70C65600462EF9 /* Router.swift */ = {isa = PBXFileReference; lastKnownFileType = sourcecode.swift; path = Router.swift; sourceTree = "<group>"; };
		B02CFDF92C70C73100462EF9 /* TargetType.swift */ = {isa = PBXFileReference; lastKnownFileType = sourcecode.swift; path = TargetType.swift; sourceTree = "<group>"; };
		B037B0912C70CA4600A17CD7 /* LoginQuery.swift */ = {isa = PBXFileReference; lastKnownFileType = sourcecode.swift; path = LoginQuery.swift; sourceTree = "<group>"; };
		B037B0932C70CFB500A17CD7 /* Header.swift */ = {isa = PBXFileReference; lastKnownFileType = sourcecode.swift; path = Header.swift; sourceTree = "<group>"; };
		B037B0952C70D00F00A17CD7 /* UserDefaultsManager.swift */ = {isa = PBXFileReference; lastKnownFileType = sourcecode.swift; path = UserDefaultsManager.swift; sourceTree = "<group>"; };
		B037B0972C70D7A400A17CD7 /* NetworkManager.swift */ = {isa = PBXFileReference; lastKnownFileType = sourcecode.swift; path = NetworkManager.swift; sourceTree = "<group>"; };
		B037B09A2C70E04D00A17CD7 /* FetchPostModel.swift */ = {isa = PBXFileReference; lastKnownFileType = sourcecode.swift; path = FetchPostModel.swift; sourceTree = "<group>"; };
		B037B09C2C70E58E00A17CD7 /* LoginModel.swift */ = {isa = PBXFileReference; lastKnownFileType = sourcecode.swift; path = LoginModel.swift; sourceTree = "<group>"; };
		B037B09E2C70E5DE00A17CD7 /* SignUpModel.swift */ = {isa = PBXFileReference; lastKnownFileType = sourcecode.swift; path = SignUpModel.swift; sourceTree = "<group>"; };
		B037B0A12C70E84400A17CD7 /* SignUpView.swift */ = {isa = PBXFileReference; lastKnownFileType = sourcecode.swift; path = SignUpView.swift; sourceTree = "<group>"; };
		B037B0A32C70EC6D00A17CD7 /* SignUpViewController.swift */ = {isa = PBXFileReference; lastKnownFileType = sourcecode.swift; path = SignUpViewController.swift; sourceTree = "<group>"; };
		B03934AF2C77293B00EB34CD /* HomeContentViewController.swift */ = {isa = PBXFileReference; lastKnownFileType = sourcecode.swift; path = HomeContentViewController.swift; sourceTree = "<group>"; };
		B03934B42C78B18000EB34CD /* UIButton +.swift */ = {isa = PBXFileReference; lastKnownFileType = sourcecode.swift; path = "UIButton +.swift"; sourceTree = "<group>"; };
		B06936BF2C7CBD1400E0EF56 /* CommunityCreateViewController.swift */ = {isa = PBXFileReference; lastKnownFileType = sourcecode.swift; path = CommunityCreateViewController.swift; sourceTree = "<group>"; };
		B06936C12C7CBD1F00E0EF56 /* CommunityCreatView.swift */ = {isa = PBXFileReference; lastKnownFileType = sourcecode.swift; path = CommunityCreatView.swift; sourceTree = "<group>"; };
		B0DF575A2C6CE84C00CAB497 /* CraftMate.app */ = {isa = PBXFileReference; explicitFileType = wrapper.application; includeInIndex = 0; path = CraftMate.app; sourceTree = BUILT_PRODUCTS_DIR; };
		B0DF575D2C6CE84C00CAB497 /* AppDelegate.swift */ = {isa = PBXFileReference; lastKnownFileType = sourcecode.swift; path = AppDelegate.swift; sourceTree = "<group>"; };
		B0DF575F2C6CE84C00CAB497 /* SceneDelegate.swift */ = {isa = PBXFileReference; lastKnownFileType = sourcecode.swift; path = SceneDelegate.swift; sourceTree = "<group>"; };
		B0DF57612C6CE84C00CAB497 /* ViewController.swift */ = {isa = PBXFileReference; lastKnownFileType = sourcecode.swift; path = ViewController.swift; sourceTree = "<group>"; };
		B0DF57642C6CE84C00CAB497 /* Base */ = {isa = PBXFileReference; lastKnownFileType = file.storyboard; name = Base; path = Base.lproj/Main.storyboard; sourceTree = "<group>"; };
		B0DF57662C6CE84E00CAB497 /* Assets.xcassets */ = {isa = PBXFileReference; lastKnownFileType = folder.assetcatalog; path = Assets.xcassets; sourceTree = "<group>"; };
		B0DF57692C6CE84E00CAB497 /* Base */ = {isa = PBXFileReference; lastKnownFileType = file.storyboard; name = Base; path = Base.lproj/LaunchScreen.storyboard; sourceTree = "<group>"; };
		B0DF576B2C6CE84E00CAB497 /* Info.plist */ = {isa = PBXFileReference; lastKnownFileType = text.plist.xml; path = Info.plist; sourceTree = "<group>"; };
		B0DF57712C6CE87500CAB497 /* .gitignore */ = {isa = PBXFileReference; lastKnownFileType = text; path = .gitignore; sourceTree = "<group>"; };
		B0DF57752C6CE8BF00CAB497 /* SesacKey.swift */ = {isa = PBXFileReference; lastKnownFileType = sourcecode.swift; path = SesacKey.swift; sourceTree = "<group>"; };
		B0DF57772C6CE8C600CAB497 /* BaseURL.swift */ = {isa = PBXFileReference; lastKnownFileType = sourcecode.swift; path = BaseURL.swift; sourceTree = "<group>"; };
		B0DF577A2C6E3F9B00CAB497 /* UIColor +.swift */ = {isa = PBXFileReference; lastKnownFileType = sourcecode.swift; path = "UIColor +.swift"; sourceTree = "<group>"; };
		B0DF577D2C6F34CB00CAB497 /* Pretendard-Bold.otf */ = {isa = PBXFileReference; lastKnownFileType = file; path = "Pretendard-Bold.otf"; sourceTree = "<group>"; };
		B0DF577E2C6F34CC00CAB497 /* Pretendard-Medium.otf */ = {isa = PBXFileReference; lastKnownFileType = file; path = "Pretendard-Medium.otf"; sourceTree = "<group>"; };
		B0DF577F2C6F34CC00CAB497 /* Pretendard-Light.otf */ = {isa = PBXFileReference; lastKnownFileType = file; path = "Pretendard-Light.otf"; sourceTree = "<group>"; };
		B0DF57802C6F34CC00CAB497 /* Pretendard-Regular.otf */ = {isa = PBXFileReference; lastKnownFileType = file; path = "Pretendard-Regular.otf"; sourceTree = "<group>"; };
		B0DF57812C6F34CC00CAB497 /* Pretendard-SemiBold.otf */ = {isa = PBXFileReference; lastKnownFileType = file; path = "Pretendard-SemiBold.otf"; sourceTree = "<group>"; };
		B0DF57872C6F35B100CAB497 /* CustomFont.swift */ = {isa = PBXFileReference; lastKnownFileType = sourcecode.swift; path = CustomFont.swift; sourceTree = "<group>"; };
		B0DF578A2C6F378900CAB497 /* Phrase.swift */ = {isa = PBXFileReference; lastKnownFileType = sourcecode.swift; path = Phrase.swift; sourceTree = "<group>"; };
		B0DF578C2C6F3A1100CAB497 /* MainTabBarController.swift */ = {isa = PBXFileReference; lastKnownFileType = sourcecode.swift; path = MainTabBarController.swift; sourceTree = "<group>"; };
		B0DF578E2C6F3A5A00CAB497 /* HomeViewController.swift */ = {isa = PBXFileReference; lastKnownFileType = sourcecode.swift; path = HomeViewController.swift; sourceTree = "<group>"; };
		B0DF57902C6F3A9E00CAB497 /* SearchPageViewController.swift */ = {isa = PBXFileReference; lastKnownFileType = sourcecode.swift; path = SearchPageViewController.swift; sourceTree = "<group>"; };
		B0DF57922C6F3AB900CAB497 /* SaveViewController.swift */ = {isa = PBXFileReference; lastKnownFileType = sourcecode.swift; path = SaveViewController.swift; sourceTree = "<group>"; };
		B0DF57942C6F3AC800CAB497 /* SettingViewController.swift */ = {isa = PBXFileReference; lastKnownFileType = sourcecode.swift; path = SettingViewController.swift; sourceTree = "<group>"; };
		B0DF57972C6F3B0800CAB497 /* TabBar.swift */ = {isa = PBXFileReference; lastKnownFileType = sourcecode.swift; path = TabBar.swift; sourceTree = "<group>"; };
		B0DF579A2C6F3F0B00CAB497 /* BaseView.swift */ = {isa = PBXFileReference; lastKnownFileType = sourcecode.swift; path = BaseView.swift; sourceTree = "<group>"; };
		B0DF579C2C6F3F4900CAB497 /* BaseViewController.swift */ = {isa = PBXFileReference; lastKnownFileType = sourcecode.swift; path = BaseViewController.swift; sourceTree = "<group>"; };
/* End PBXFileReference section */

/* Begin PBXFrameworksBuildPhase section */
		B0DF57572C6CE84C00CAB497 /* Frameworks */ = {
			isa = PBXFrameworksBuildPhase;
			buildActionMask = 2147483647;
			files = (
				B02CFDFD2C70C74900462EF9 /* Alamofire in Frameworks */,
				B02CFDD72C6F75C500462EF9 /* RxCocoa in Frameworks */,
				B00A2E4A2C7CAB8A006A6721 /* Kingfisher in Frameworks */,
				B02CFDD12C6F461A00462EF9 /* SnapKit in Frameworks */,
				B02CFDD92C6F75C500462EF9 /* RxSwift in Frameworks */,
				B02CFDD42C6F462300462EF9 /* Then in Frameworks */,
				B03934AE2C7724BA00EB34CD /* Tabman in Frameworks */,
			);
			runOnlyForDeploymentPostprocessing = 0;
		};
/* End PBXFrameworksBuildPhase section */

/* Begin PBXGroup section */
		B016BFC92C7C516A00C01DC1 /* Community */ = {
			isa = PBXGroup;
			children = (
				B0128A402C763B4D00B72622 /* CommunityView.swift */,
				B016BFCE2C7C539F00C01DC1 /* CommunityViewController.swift */,
				B06936C12C7CBD1F00E0EF56 /* CommunityCreatView.swift */,
				B06936BF2C7CBD1400E0EF56 /* CommunityCreateViewController.swift */,
			);
			path = Community;
			sourceTree = "<group>";
		};
		B02CFDC82C6F40CB00462EF9 /* Login */ = {
			isa = PBXGroup;
			children = (
				B02CFDC92C6F40DC00462EF9 /* LoginView.swift */,
				B02CFDCD2C6F42BD00462EF9 /* LoginViewController.swift */,
			);
			path = Login;
			sourceTree = "<group>";
		};
		B02CFDDA2C6F778700462EF9 /* Home */ = {
			isa = PBXGroup;
			children = (
				B016BFCC2C7C536F00C01DC1 /* OrderCollectionViewCell.swift */,
				B0DF578E2C6F3A5A00CAB497 /* HomeViewController.swift */,
				B02CFDDB2C6F779A00462EF9 /* HomeView.swift */,
				B02CFDE22C6F932900462EF9 /* HomeViewModel.swift */,
				B02CFDDD2C6F927C00462EF9 /* CommunityTableViewCell.swift */,
				B0128A3B2C76342C00B72622 /* HomeCollectionViewCell.swift */,
				B03934AF2C77293B00EB34CD /* HomeContentViewController.swift */,
			);
			path = Home;
			sourceTree = "<group>";
		};
		B02CFDDF2C6F92E700462EF9 /* Protocol */ = {
			isa = PBXGroup;
			children = (
				B02CFDE02C6F92EE00462EF9 /* Reusable.swift */,
			);
			path = Protocol;
			sourceTree = "<group>";
		};
		B02CFDE42C6F96D800462EF9 /* SearchPage */ = {
			isa = PBXGroup;
			children = (
				B0DF57902C6F3A9E00CAB497 /* SearchPageViewController.swift */,
				B02CFDE52C6F96E700462EF9 /* SearchPageView.swift */,
			);
			path = SearchPage;
			sourceTree = "<group>";
		};
		B02CFDE92C6FA5F400462EF9 /* Detail */ = {
			isa = PBXGroup;
			children = (
				B02CFDEA2C6FA5FE00462EF9 /* DetailView.swift */,
				B02CFDEC2C6FA61800462EF9 /* DetailViewController.swift */,
			);
			path = Detail;
			sourceTree = "<group>";
		};
		B02CFDEE2C706A6100462EF9 /* Component */ = {
			isa = PBXGroup;
			children = (
				B02CFDEF2C706A9A00462EF9 /* FloatingButton.swift */,
				B00A2E442C7C5CAB006A6721 /* CategoryButtonView.swift */,
			);
			path = Component;
			sourceTree = "<group>";
		};
		B02CFDF12C70778400462EF9 /* WritePost */ = {
			isa = PBXGroup;
			children = (
				B02CFDF22C7077FA00462EF9 /* WritePostViewController.swift */,
				B02CFDF42C70781500462EF9 /* WritePostView.swift */,
				B00A2E462C7C60D4006A6721 /* CategoryCollectionViewCell.swift */,
				B016BFC32C7B2E7300C01DC1 /* WrithePostCollectionViewCell.swift */,
			);
			path = WritePost;
			sourceTree = "<group>";
		};
		B02CFDF62C70C64900462EF9 /* Network */ = {
			isa = PBXGroup;
			children = (
				B02CFDF72C70C65600462EF9 /* Router.swift */,
				B02CFDF92C70C73100462EF9 /* TargetType.swift */,
				B037B0932C70CFB500A17CD7 /* Header.swift */,
				B037B0952C70D00F00A17CD7 /* UserDefaultsManager.swift */,
				B037B0972C70D7A400A17CD7 /* NetworkManager.swift */,
			);
			path = Network;
			sourceTree = "<group>";
		};
		B037B0902C70CA3A00A17CD7 /* RequestModel */ = {
			isa = PBXGroup;
			children = (
				B037B0912C70CA4600A17CD7 /* LoginQuery.swift */,
				B0128A0D2C71EF2B00B72622 /* EmailDuplicateCheckQuery.swift */,
				B0128A0F2C72037400B72622 /* SignUpQuery.swift */,
				B016BFB62C78C28600C01DC1 /* CreatePostQuery.swift */,
				B016BFB82C78C65A00C01DC1 /* FetchPostQuery.swift */,
				B016BFBC2C79B80100C01DC1 /* ImageUploadQuery.swift */,
			);
			path = RequestModel;
			sourceTree = "<group>";
		};
		B037B0992C70E03400A17CD7 /* ResponseModel */ = {
			isa = PBXGroup;
			children = (
				B037B09A2C70E04D00A17CD7 /* FetchPostModel.swift */,
				B0128A1B2C74854200B72622 /* ProfileModel.swift */,
				B0128A192C74835B00B72622 /* RefreshModel.swift */,
				B037B09C2C70E58E00A17CD7 /* LoginModel.swift */,
				B037B09E2C70E5DE00A17CD7 /* SignUpModel.swift */,
				B0128A0B2C71ED6300B72622 /* EmailDuplicateCheckModel.swift */,
				B016BFBE2C79C57100C01DC1 /* ImageUploadModel.swift */,
			);
			path = ResponseModel;
			sourceTree = "<group>";
		};
		B037B0A02C70E83300A17CD7 /* SignUp */ = {
			isa = PBXGroup;
			children = (
				B037B0A12C70E84400A17CD7 /* SignUpView.swift */,
				B037B0A32C70EC6D00A17CD7 /* SignUpViewController.swift */,
				B0128A092C71ED0000B72622 /* SignUpViewModel.swift */,
			);
			path = SignUp;
			sourceTree = "<group>";
		};
		B0DF57512C6CE84C00CAB497 = {
			isa = PBXGroup;
			children = (
				B0DF57712C6CE87500CAB497 /* .gitignore */,
				B0DF575C2C6CE84C00CAB497 /* CraftMate */,
				B0DF575B2C6CE84C00CAB497 /* Products */,
			);
			sourceTree = "<group>";
		};
		B0DF575B2C6CE84C00CAB497 /* Products */ = {
			isa = PBXGroup;
			children = (
				B0DF575A2C6CE84C00CAB497 /* CraftMate.app */,
			);
			name = Products;
			sourceTree = "<group>";
		};
		B0DF575C2C6CE84C00CAB497 /* CraftMate */ = {
			isa = PBXGroup;
			children = (
				B016BFC92C7C516A00C01DC1 /* Community */,
				B037B0A02C70E83300A17CD7 /* SignUp */,
				B037B0992C70E03400A17CD7 /* ResponseModel */,
				B037B0902C70CA3A00A17CD7 /* RequestModel */,
				B02CFDF62C70C64900462EF9 /* Network */,
				B02CFDF12C70778400462EF9 /* WritePost */,
				B02CFDEE2C706A6100462EF9 /* Component */,
				B02CFDE92C6FA5F400462EF9 /* Detail */,
				B02CFDE42C6F96D800462EF9 /* SearchPage */,
				B02CFDDF2C6F92E700462EF9 /* Protocol */,
				B02CFDDA2C6F778700462EF9 /* Home */,
				B02CFDC82C6F40CB00462EF9 /* Login */,
				B0DF57992C6F3F0500CAB497 /* Base */,
				B0DF57962C6F3B0100CAB497 /* enum */,
				B0DF57892C6F372600CAB497 /* Resources */,
				B0DF577C2C6F348F00CAB497 /* Font */,
				B0DF57792C6E3F9100CAB497 /* Extension */,
				B0DF575D2C6CE84C00CAB497 /* AppDelegate.swift */,
				B0DF575F2C6CE84C00CAB497 /* SceneDelegate.swift */,
				B0DF57612C6CE84C00CAB497 /* ViewController.swift */,
				B0DF57632C6CE84C00CAB497 /* Main.storyboard */,
				B0DF57662C6CE84E00CAB497 /* Assets.xcassets */,
				B0DF57682C6CE84E00CAB497 /* LaunchScreen.storyboard */,
				B0DF576B2C6CE84E00CAB497 /* Info.plist */,
				B0DF57752C6CE8BF00CAB497 /* SesacKey.swift */,
				B0DF57772C6CE8C600CAB497 /* BaseURL.swift */,
				B0DF578C2C6F3A1100CAB497 /* MainTabBarController.swift */,
				B0DF57922C6F3AB900CAB497 /* SaveViewController.swift */,
				B0DF57942C6F3AC800CAB497 /* SettingViewController.swift */,
			);
			path = CraftMate;
			sourceTree = "<group>";
		};
		B0DF57792C6E3F9100CAB497 /* Extension */ = {
			isa = PBXGroup;
			children = (
				B0DF577A2C6E3F9B00CAB497 /* UIColor +.swift */,
				B02CFDCB2C6F428300462EF9 /* UIViewController +.swift */,
				B02CFDE72C6F9A8A00462EF9 /* UINavigationBar +.swift */,
				B0128A392C76332100B72622 /* UICollectionViewLayout +.swift */,
				B03934B42C78B18000EB34CD /* UIButton +.swift */,
			);
			path = Extension;
			sourceTree = "<group>";
		};
		B0DF577C2C6F348F00CAB497 /* Font */ = {
			isa = PBXGroup;
			children = (
				B0DF577D2C6F34CB00CAB497 /* Pretendard-Bold.otf */,
				B0DF577F2C6F34CC00CAB497 /* Pretendard-Light.otf */,
				B0DF577E2C6F34CC00CAB497 /* Pretendard-Medium.otf */,
				B0DF57802C6F34CC00CAB497 /* Pretendard-Regular.otf */,
				B0DF57812C6F34CC00CAB497 /* Pretendard-SemiBold.otf */,
			);
			path = Font;
			sourceTree = "<group>";
		};
		B0DF57892C6F372600CAB497 /* Resources */ = {
			isa = PBXGroup;
			children = (
				B0DF578A2C6F378900CAB497 /* Phrase.swift */,
				B0DF57872C6F35B100CAB497 /* CustomFont.swift */,
			);
			path = Resources;
			sourceTree = "<group>";
		};
		B0DF57962C6F3B0100CAB497 /* enum */ = {
			isa = PBXGroup;
			children = (
				B0DF57972C6F3B0800CAB497 /* TabBar.swift */,
			);
			path = enum;
			sourceTree = "<group>";
		};
		B0DF57992C6F3F0500CAB497 /* Base */ = {
			isa = PBXGroup;
			children = (
				B0DF579A2C6F3F0B00CAB497 /* BaseView.swift */,
				B0DF579C2C6F3F4900CAB497 /* BaseViewController.swift */,
				B02CFDC42C6F403200462EF9 /* BaseTableViewCell.swift */,
				B02CFDC62C6F404500462EF9 /* BaseCollectionViewCell.swift */,
			);
			path = Base;
			sourceTree = "<group>";
		};
/* End PBXGroup section */

/* Begin PBXNativeTarget section */
		B0DF57592C6CE84C00CAB497 /* CraftMate */ = {
			isa = PBXNativeTarget;
			buildConfigurationList = B0DF576E2C6CE84E00CAB497 /* Build configuration list for PBXNativeTarget "CraftMate" */;
			buildPhases = (
				B0DF57562C6CE84C00CAB497 /* Sources */,
				B0DF57572C6CE84C00CAB497 /* Frameworks */,
				B0DF57582C6CE84C00CAB497 /* Resources */,
			);
			buildRules = (
			);
			dependencies = (
			);
			name = CraftMate;
			packageProductDependencies = (
				B02CFDD02C6F461A00462EF9 /* SnapKit */,
				B02CFDD32C6F462300462EF9 /* Then */,
				B02CFDD62C6F75C500462EF9 /* RxCocoa */,
				B02CFDD82C6F75C500462EF9 /* RxSwift */,
				B02CFDFC2C70C74900462EF9 /* Alamofire */,
				B03934AD2C7724BA00EB34CD /* Tabman */,
				B00A2E492C7CAB8A006A6721 /* Kingfisher */,
			);
			productName = CraftMate;
			productReference = B0DF575A2C6CE84C00CAB497 /* CraftMate.app */;
			productType = "com.apple.product-type.application";
		};
/* End PBXNativeTarget section */

/* Begin PBXProject section */
		B0DF57522C6CE84C00CAB497 /* Project object */ = {
			isa = PBXProject;
			attributes = {
				BuildIndependentTargetsInParallel = 1;
				LastSwiftUpdateCheck = 1540;
				LastUpgradeCheck = 1540;
				TargetAttributes = {
					B0DF57592C6CE84C00CAB497 = {
						CreatedOnToolsVersion = 15.4;
					};
				};
			};
			buildConfigurationList = B0DF57552C6CE84C00CAB497 /* Build configuration list for PBXProject "CraftMate" */;
			compatibilityVersion = "Xcode 14.0";
			developmentRegion = en;
			hasScannedForEncodings = 0;
			knownRegions = (
				en,
				Base,
			);
			mainGroup = B0DF57512C6CE84C00CAB497;
			packageReferences = (
				B02CFDCF2C6F461A00462EF9 /* XCRemoteSwiftPackageReference "SnapKit" */,
				B02CFDD22C6F462300462EF9 /* XCRemoteSwiftPackageReference "Then" */,
				B02CFDD52C6F75C400462EF9 /* XCRemoteSwiftPackageReference "RxSwift" */,
				B02CFDFB2C70C74900462EF9 /* XCRemoteSwiftPackageReference "Alamofire" */,
				B03934AC2C7724BA00EB34CD /* XCRemoteSwiftPackageReference "Tabman" */,
				B00A2E482C7CAB8A006A6721 /* XCRemoteSwiftPackageReference "Kingfisher" */,
			);
			productRefGroup = B0DF575B2C6CE84C00CAB497 /* Products */;
			projectDirPath = "";
			projectRoot = "";
			targets = (
				B0DF57592C6CE84C00CAB497 /* CraftMate */,
			);
		};
/* End PBXProject section */

/* Begin PBXResourcesBuildPhase section */
		B0DF57582C6CE84C00CAB497 /* Resources */ = {
			isa = PBXResourcesBuildPhase;
			buildActionMask = 2147483647;
			files = (
				B0DF57722C6CE87500CAB497 /* .gitignore in Resources */,
				B0DF57822C6F34CC00CAB497 /* Pretendard-Bold.otf in Resources */,
				B0DF57672C6CE84E00CAB497 /* Assets.xcassets in Resources */,
				B0DF576A2C6CE84E00CAB497 /* Base in Resources */,
				B0DF57842C6F34CC00CAB497 /* Pretendard-Light.otf in Resources */,
				B0DF57852C6F34CC00CAB497 /* Pretendard-Regular.otf in Resources */,
				B0DF57862C6F34CC00CAB497 /* Pretendard-SemiBold.otf in Resources */,
				B0DF57652C6CE84C00CAB497 /* Base in Resources */,
				B0DF57832C6F34CC00CAB497 /* Pretendard-Medium.otf in Resources */,
			);
			runOnlyForDeploymentPostprocessing = 0;
		};
/* End PBXResourcesBuildPhase section */

/* Begin PBXSourcesBuildPhase section */
		B0DF57562C6CE84C00CAB497 /* Sources */ = {
			isa = PBXSourcesBuildPhase;
			buildActionMask = 2147483647;
			files = (
				B0128A3A2C76332100B72622 /* UICollectionViewLayout +.swift in Sources */,
				B037B0982C70D7A400A17CD7 /* NetworkManager.swift in Sources */,
				B016BFC42C7B2E7300C01DC1 /* WrithePostCollectionViewCell.swift in Sources */,
				B0DF577B2C6E3F9B00CAB497 /* UIColor +.swift in Sources */,
				B03934B02C77293B00EB34CD /* HomeContentViewController.swift in Sources */,
				B0128A412C763B4D00B72622 /* CommunityView.swift in Sources */,
				B06936C02C7CBD1400E0EF56 /* CommunityCreateViewController.swift in Sources */,
				B0128A102C72037400B72622 /* SignUpQuery.swift in Sources */,
				B0DF57932C6F3AB900CAB497 /* SaveViewController.swift in Sources */,
				B0DF57882C6F35B100CAB497 /* CustomFont.swift in Sources */,
				B037B0A42C70EC6D00A17CD7 /* SignUpViewController.swift in Sources */,
				B02CFDE32C6F932900462EF9 /* HomeViewModel.swift in Sources */,
				B00A2E452C7C5CAB006A6721 /* CategoryButtonView.swift in Sources */,
				B037B09D2C70E58E00A17CD7 /* LoginModel.swift in Sources */,
				B0DF57952C6F3AC800CAB497 /* SettingViewController.swift in Sources */,
				B0DF578D2C6F3A1100CAB497 /* MainTabBarController.swift in Sources */,
				B0128A0C2C71ED6300B72622 /* EmailDuplicateCheckModel.swift in Sources */,
				B016BFCD2C7C536F00C01DC1 /* OrderCollectionViewCell.swift in Sources */,
				B037B09B2C70E04D00A17CD7 /* FetchPostModel.swift in Sources */,
				B016BFCF2C7C539F00C01DC1 /* CommunityViewController.swift in Sources */,
				B00A2E472C7C60D4006A6721 /* CategoryCollectionViewCell.swift in Sources */,
				B06936C22C7CBD1F00E0EF56 /* CommunityCreatView.swift in Sources */,
				B02CFDDC2C6F779A00462EF9 /* HomeView.swift in Sources */,
				B016BFB72C78C28600C01DC1 /* CreatePostQuery.swift in Sources */,
				B037B0A22C70E84400A17CD7 /* SignUpView.swift in Sources */,
				B02CFDCA2C6F40DC00462EF9 /* LoginView.swift in Sources */,
				B02CFDF02C706A9A00462EF9 /* FloatingButton.swift in Sources */,
				B02CFDF32C7077FA00462EF9 /* WritePostViewController.swift in Sources */,
				B0DF578B2C6F378900CAB497 /* Phrase.swift in Sources */,
				B02CFDED2C6FA61800462EF9 /* DetailViewController.swift in Sources */,
				B02CFDCC2C6F428300462EF9 /* UIViewController +.swift in Sources */,
				B0DF578F2C6F3A5A00CAB497 /* HomeViewController.swift in Sources */,
				B0DF57622C6CE84C00CAB497 /* ViewController.swift in Sources */,
				B0DF57912C6F3A9E00CAB497 /* SearchPageViewController.swift in Sources */,
				B02CFDFA2C70C73100462EF9 /* TargetType.swift in Sources */,
				B02CFDE12C6F92EE00462EF9 /* Reusable.swift in Sources */,
				B0DF57762C6CE8BF00CAB497 /* SesacKey.swift in Sources */,
				B02CFDE82C6F9A8A00462EF9 /* UINavigationBar +.swift in Sources */,
				B016BFBD2C79B80100C01DC1 /* ImageUploadQuery.swift in Sources */,
				B0DF57782C6CE8C600CAB497 /* BaseURL.swift in Sources */,
				B02CFDEB2C6FA5FE00462EF9 /* DetailView.swift in Sources */,
				B03934B52C78B18000EB34CD /* UIButton +.swift in Sources */,
				B02CFDC72C6F404500462EF9 /* BaseCollectionViewCell.swift in Sources */,
				B02CFDF82C70C65600462EF9 /* Router.swift in Sources */,
				B0128A0E2C71EF2B00B72622 /* EmailDuplicateCheckQuery.swift in Sources */,
				B0DF575E2C6CE84C00CAB497 /* AppDelegate.swift in Sources */,
				B037B0922C70CA4600A17CD7 /* LoginQuery.swift in Sources */,
				B02CFDCE2C6F42BD00462EF9 /* LoginViewController.swift in Sources */,
				B02CFDDE2C6F927C00462EF9 /* CommunityTableViewCell.swift in Sources */,
				B0128A1C2C74854200B72622 /* ProfileModel.swift in Sources */,
				B037B0942C70CFB500A17CD7 /* Header.swift in Sources */,
				B016BFB92C78C65B00C01DC1 /* FetchPostQuery.swift in Sources */,
				B02CFDC52C6F403200462EF9 /* BaseTableViewCell.swift in Sources */,
				B037B09F2C70E5DE00A17CD7 /* SignUpModel.swift in Sources */,
				B02CFDF52C70781500462EF9 /* WritePostView.swift in Sources */,
				B037B0962C70D00F00A17CD7 /* UserDefaultsManager.swift in Sources */,
				B016BFBF2C79C57100C01DC1 /* ImageUploadModel.swift in Sources */,
				B02CFDE62C6F96E700462EF9 /* SearchPageView.swift in Sources */,
				B0128A3C2C76342C00B72622 /* HomeCollectionViewCell.swift in Sources */,
				B0DF579B2C6F3F0B00CAB497 /* BaseView.swift in Sources */,
				B0DF579D2C6F3F4900CAB497 /* BaseViewController.swift in Sources */,
				B0DF57602C6CE84C00CAB497 /* SceneDelegate.swift in Sources */,
				B0128A1A2C74835B00B72622 /* RefreshModel.swift in Sources */,
				B0128A0A2C71ED0000B72622 /* SignUpViewModel.swift in Sources */,
				B0DF57982C6F3B0800CAB497 /* TabBar.swift in Sources */,
			);
			runOnlyForDeploymentPostprocessing = 0;
		};
/* End PBXSourcesBuildPhase section */

/* Begin PBXVariantGroup section */
		B0DF57632C6CE84C00CAB497 /* Main.storyboard */ = {
			isa = PBXVariantGroup;
			children = (
				B0DF57642C6CE84C00CAB497 /* Base */,
			);
			name = Main.storyboard;
			sourceTree = "<group>";
		};
		B0DF57682C6CE84E00CAB497 /* LaunchScreen.storyboard */ = {
			isa = PBXVariantGroup;
			children = (
				B0DF57692C6CE84E00CAB497 /* Base */,
			);
			name = LaunchScreen.storyboard;
			sourceTree = "<group>";
		};
/* End PBXVariantGroup section */

/* Begin XCBuildConfiguration section */
		B0DF576C2C6CE84E00CAB497 /* Debug */ = {
			isa = XCBuildConfiguration;
			buildSettings = {
				ALWAYS_SEARCH_USER_PATHS = NO;
				ASSETCATALOG_COMPILER_GENERATE_SWIFT_ASSET_SYMBOL_EXTENSIONS = YES;
				CLANG_ANALYZER_NONNULL = YES;
				CLANG_ANALYZER_NUMBER_OBJECT_CONVERSION = YES_AGGRESSIVE;
				CLANG_CXX_LANGUAGE_STANDARD = "gnu++20";
				CLANG_ENABLE_MODULES = YES;
				CLANG_ENABLE_OBJC_ARC = YES;
				CLANG_ENABLE_OBJC_WEAK = YES;
				CLANG_WARN_BLOCK_CAPTURE_AUTORELEASING = YES;
				CLANG_WARN_BOOL_CONVERSION = YES;
				CLANG_WARN_COMMA = YES;
				CLANG_WARN_CONSTANT_CONVERSION = YES;
				CLANG_WARN_DEPRECATED_OBJC_IMPLEMENTATIONS = YES;
				CLANG_WARN_DIRECT_OBJC_ISA_USAGE = YES_ERROR;
				CLANG_WARN_DOCUMENTATION_COMMENTS = YES;
				CLANG_WARN_EMPTY_BODY = YES;
				CLANG_WARN_ENUM_CONVERSION = YES;
				CLANG_WARN_INFINITE_RECURSION = YES;
				CLANG_WARN_INT_CONVERSION = YES;
				CLANG_WARN_NON_LITERAL_NULL_CONVERSION = YES;
				CLANG_WARN_OBJC_IMPLICIT_RETAIN_SELF = YES;
				CLANG_WARN_OBJC_LITERAL_CONVERSION = YES;
				CLANG_WARN_OBJC_ROOT_CLASS = YES_ERROR;
				CLANG_WARN_QUOTED_INCLUDE_IN_FRAMEWORK_HEADER = YES;
				CLANG_WARN_RANGE_LOOP_ANALYSIS = YES;
				CLANG_WARN_STRICT_PROTOTYPES = YES;
				CLANG_WARN_SUSPICIOUS_MOVE = YES;
				CLANG_WARN_UNGUARDED_AVAILABILITY = YES_AGGRESSIVE;
				CLANG_WARN_UNREACHABLE_CODE = YES;
				CLANG_WARN__DUPLICATE_METHOD_MATCH = YES;
				COPY_PHASE_STRIP = NO;
				DEBUG_INFORMATION_FORMAT = dwarf;
				ENABLE_STRICT_OBJC_MSGSEND = YES;
				ENABLE_TESTABILITY = YES;
				ENABLE_USER_SCRIPT_SANDBOXING = YES;
				GCC_C_LANGUAGE_STANDARD = gnu17;
				GCC_DYNAMIC_NO_PIC = NO;
				GCC_NO_COMMON_BLOCKS = YES;
				GCC_OPTIMIZATION_LEVEL = 0;
				GCC_PREPROCESSOR_DEFINITIONS = (
					"DEBUG=1",
					"$(inherited)",
				);
				GCC_WARN_64_TO_32_BIT_CONVERSION = YES;
				GCC_WARN_ABOUT_RETURN_TYPE = YES_ERROR;
				GCC_WARN_UNDECLARED_SELECTOR = YES;
				GCC_WARN_UNINITIALIZED_AUTOS = YES_AGGRESSIVE;
				GCC_WARN_UNUSED_FUNCTION = YES;
				GCC_WARN_UNUSED_VARIABLE = YES;
				IPHONEOS_DEPLOYMENT_TARGET = 17.5;
				LOCALIZATION_PREFERS_STRING_CATALOGS = YES;
				MTL_ENABLE_DEBUG_INFO = INCLUDE_SOURCE;
				MTL_FAST_MATH = YES;
				ONLY_ACTIVE_ARCH = YES;
				SDKROOT = iphoneos;
				SWIFT_ACTIVE_COMPILATION_CONDITIONS = "DEBUG $(inherited)";
				SWIFT_OPTIMIZATION_LEVEL = "-Onone";
			};
			name = Debug;
		};
		B0DF576D2C6CE84E00CAB497 /* Release */ = {
			isa = XCBuildConfiguration;
			buildSettings = {
				ALWAYS_SEARCH_USER_PATHS = NO;
				ASSETCATALOG_COMPILER_GENERATE_SWIFT_ASSET_SYMBOL_EXTENSIONS = YES;
				CLANG_ANALYZER_NONNULL = YES;
				CLANG_ANALYZER_NUMBER_OBJECT_CONVERSION = YES_AGGRESSIVE;
				CLANG_CXX_LANGUAGE_STANDARD = "gnu++20";
				CLANG_ENABLE_MODULES = YES;
				CLANG_ENABLE_OBJC_ARC = YES;
				CLANG_ENABLE_OBJC_WEAK = YES;
				CLANG_WARN_BLOCK_CAPTURE_AUTORELEASING = YES;
				CLANG_WARN_BOOL_CONVERSION = YES;
				CLANG_WARN_COMMA = YES;
				CLANG_WARN_CONSTANT_CONVERSION = YES;
				CLANG_WARN_DEPRECATED_OBJC_IMPLEMENTATIONS = YES;
				CLANG_WARN_DIRECT_OBJC_ISA_USAGE = YES_ERROR;
				CLANG_WARN_DOCUMENTATION_COMMENTS = YES;
				CLANG_WARN_EMPTY_BODY = YES;
				CLANG_WARN_ENUM_CONVERSION = YES;
				CLANG_WARN_INFINITE_RECURSION = YES;
				CLANG_WARN_INT_CONVERSION = YES;
				CLANG_WARN_NON_LITERAL_NULL_CONVERSION = YES;
				CLANG_WARN_OBJC_IMPLICIT_RETAIN_SELF = YES;
				CLANG_WARN_OBJC_LITERAL_CONVERSION = YES;
				CLANG_WARN_OBJC_ROOT_CLASS = YES_ERROR;
				CLANG_WARN_QUOTED_INCLUDE_IN_FRAMEWORK_HEADER = YES;
				CLANG_WARN_RANGE_LOOP_ANALYSIS = YES;
				CLANG_WARN_STRICT_PROTOTYPES = YES;
				CLANG_WARN_SUSPICIOUS_MOVE = YES;
				CLANG_WARN_UNGUARDED_AVAILABILITY = YES_AGGRESSIVE;
				CLANG_WARN_UNREACHABLE_CODE = YES;
				CLANG_WARN__DUPLICATE_METHOD_MATCH = YES;
				COPY_PHASE_STRIP = NO;
				DEBUG_INFORMATION_FORMAT = "dwarf-with-dsym";
				ENABLE_NS_ASSERTIONS = NO;
				ENABLE_STRICT_OBJC_MSGSEND = YES;
				ENABLE_USER_SCRIPT_SANDBOXING = YES;
				GCC_C_LANGUAGE_STANDARD = gnu17;
				GCC_NO_COMMON_BLOCKS = YES;
				GCC_WARN_64_TO_32_BIT_CONVERSION = YES;
				GCC_WARN_ABOUT_RETURN_TYPE = YES_ERROR;
				GCC_WARN_UNDECLARED_SELECTOR = YES;
				GCC_WARN_UNINITIALIZED_AUTOS = YES_AGGRESSIVE;
				GCC_WARN_UNUSED_FUNCTION = YES;
				GCC_WARN_UNUSED_VARIABLE = YES;
				IPHONEOS_DEPLOYMENT_TARGET = 17.5;
				LOCALIZATION_PREFERS_STRING_CATALOGS = YES;
				MTL_ENABLE_DEBUG_INFO = NO;
				MTL_FAST_MATH = YES;
				SDKROOT = iphoneos;
				SWIFT_COMPILATION_MODE = wholemodule;
				VALIDATE_PRODUCT = YES;
			};
			name = Release;
		};
		B0DF576F2C6CE84E00CAB497 /* Debug */ = {
			isa = XCBuildConfiguration;
			buildSettings = {
				ASSETCATALOG_COMPILER_APPICON_NAME = AppIcon;
				ASSETCATALOG_COMPILER_GLOBAL_ACCENT_COLOR_NAME = AccentColor;
				CODE_SIGN_STYLE = Automatic;
				CURRENT_PROJECT_VERSION = 1;
				GENERATE_INFOPLIST_FILE = YES;
				INFOPLIST_FILE = CraftMate/Info.plist;
				INFOPLIST_KEY_UIApplicationSupportsIndirectInputEvents = YES;
				INFOPLIST_KEY_UILaunchStoryboardName = LaunchScreen;
				INFOPLIST_KEY_UIMainStoryboardFile = Main;
				INFOPLIST_KEY_UISupportedInterfaceOrientations_iPad = "UIInterfaceOrientationPortrait UIInterfaceOrientationPortraitUpsideDown UIInterfaceOrientationLandscapeLeft UIInterfaceOrientationLandscapeRight";
				INFOPLIST_KEY_UISupportedInterfaceOrientations_iPhone = "UIInterfaceOrientationPortrait UIInterfaceOrientationLandscapeLeft UIInterfaceOrientationLandscapeRight";
				LD_RUNPATH_SEARCH_PATHS = (
					"$(inherited)",
					"@executable_path/Frameworks",
				);
				MARKETING_VERSION = 1.0;
				PRODUCT_BUNDLE_IDENTIFIER = com.miley.CraftMate;
				PRODUCT_NAME = "$(TARGET_NAME)";
				SWIFT_EMIT_LOC_STRINGS = YES;
				SWIFT_VERSION = 5.0;
				TARGETED_DEVICE_FAMILY = "1,2";
			};
			name = Debug;
		};
		B0DF57702C6CE84E00CAB497 /* Release */ = {
			isa = XCBuildConfiguration;
			buildSettings = {
				ASSETCATALOG_COMPILER_APPICON_NAME = AppIcon;
				ASSETCATALOG_COMPILER_GLOBAL_ACCENT_COLOR_NAME = AccentColor;
				CODE_SIGN_STYLE = Automatic;
				CURRENT_PROJECT_VERSION = 1;
				GENERATE_INFOPLIST_FILE = YES;
				INFOPLIST_FILE = CraftMate/Info.plist;
				INFOPLIST_KEY_UIApplicationSupportsIndirectInputEvents = YES;
				INFOPLIST_KEY_UILaunchStoryboardName = LaunchScreen;
				INFOPLIST_KEY_UIMainStoryboardFile = Main;
				INFOPLIST_KEY_UISupportedInterfaceOrientations_iPad = "UIInterfaceOrientationPortrait UIInterfaceOrientationPortraitUpsideDown UIInterfaceOrientationLandscapeLeft UIInterfaceOrientationLandscapeRight";
				INFOPLIST_KEY_UISupportedInterfaceOrientations_iPhone = "UIInterfaceOrientationPortrait UIInterfaceOrientationLandscapeLeft UIInterfaceOrientationLandscapeRight";
				LD_RUNPATH_SEARCH_PATHS = (
					"$(inherited)",
					"@executable_path/Frameworks",
				);
				MARKETING_VERSION = 1.0;
				PRODUCT_BUNDLE_IDENTIFIER = com.miley.CraftMate;
				PRODUCT_NAME = "$(TARGET_NAME)";
				SWIFT_EMIT_LOC_STRINGS = YES;
				SWIFT_VERSION = 5.0;
				TARGETED_DEVICE_FAMILY = "1,2";
			};
			name = Release;
		};
/* End XCBuildConfiguration section */

/* Begin XCConfigurationList section */
		B0DF57552C6CE84C00CAB497 /* Build configuration list for PBXProject "CraftMate" */ = {
			isa = XCConfigurationList;
			buildConfigurations = (
				B0DF576C2C6CE84E00CAB497 /* Debug */,
				B0DF576D2C6CE84E00CAB497 /* Release */,
			);
			defaultConfigurationIsVisible = 0;
			defaultConfigurationName = Release;
		};
		B0DF576E2C6CE84E00CAB497 /* Build configuration list for PBXNativeTarget "CraftMate" */ = {
			isa = XCConfigurationList;
			buildConfigurations = (
				B0DF576F2C6CE84E00CAB497 /* Debug */,
				B0DF57702C6CE84E00CAB497 /* Release */,
			);
			defaultConfigurationIsVisible = 0;
			defaultConfigurationName = Release;
		};
/* End XCConfigurationList section */

/* Begin XCRemoteSwiftPackageReference section */
		B00A2E482C7CAB8A006A6721 /* XCRemoteSwiftPackageReference "Kingfisher" */ = {
			isa = XCRemoteSwiftPackageReference;
			repositoryURL = "https://github.com/onevcat/Kingfisher.git";
			requirement = {
				kind = upToNextMajorVersion;
				minimumVersion = 7.12.0;
			};
		};
		B02CFDCF2C6F461A00462EF9 /* XCRemoteSwiftPackageReference "SnapKit" */ = {
			isa = XCRemoteSwiftPackageReference;
			repositoryURL = "https://github.com/SnapKit/SnapKit.git";
			requirement = {
				kind = upToNextMajorVersion;
				minimumVersion = 5.7.1;
			};
		};
		B02CFDD22C6F462300462EF9 /* XCRemoteSwiftPackageReference "Then" */ = {
			isa = XCRemoteSwiftPackageReference;
			repositoryURL = "https://github.com/devxoul/Then.git";
			requirement = {
				kind = upToNextMajorVersion;
				minimumVersion = 3.0.0;
			};
		};
		B02CFDD52C6F75C400462EF9 /* XCRemoteSwiftPackageReference "RxSwift" */ = {
			isa = XCRemoteSwiftPackageReference;
			repositoryURL = "https://github.com/ReactiveX/RxSwift.git";
			requirement = {
				kind = upToNextMajorVersion;
				minimumVersion = 6.7.1;
			};
		};
		B02CFDFB2C70C74900462EF9 /* XCRemoteSwiftPackageReference "Alamofire" */ = {
			isa = XCRemoteSwiftPackageReference;
			repositoryURL = "https://github.com/Alamofire/Alamofire.git";
			requirement = {
				kind = upToNextMajorVersion;
				minimumVersion = 5.9.1;
			};
		};
		B03934AC2C7724BA00EB34CD /* XCRemoteSwiftPackageReference "Tabman" */ = {
			isa = XCRemoteSwiftPackageReference;
			repositoryURL = "https://github.com/uias/Tabman.git";
			requirement = {
				kind = upToNextMajorVersion;
				minimumVersion = 3.2.0;
			};
		};
/* End XCRemoteSwiftPackageReference section */

/* Begin XCSwiftPackageProductDependency section */
		B00A2E492C7CAB8A006A6721 /* Kingfisher */ = {
			isa = XCSwiftPackageProductDependency;
			package = B00A2E482C7CAB8A006A6721 /* XCRemoteSwiftPackageReference "Kingfisher" */;
			productName = Kingfisher;
		};
		B02CFDD02C6F461A00462EF9 /* SnapKit */ = {
			isa = XCSwiftPackageProductDependency;
			package = B02CFDCF2C6F461A00462EF9 /* XCRemoteSwiftPackageReference "SnapKit" */;
			productName = SnapKit;
		};
		B02CFDD32C6F462300462EF9 /* Then */ = {
			isa = XCSwiftPackageProductDependency;
			package = B02CFDD22C6F462300462EF9 /* XCRemoteSwiftPackageReference "Then" */;
			productName = Then;
		};
		B02CFDD62C6F75C500462EF9 /* RxCocoa */ = {
			isa = XCSwiftPackageProductDependency;
			package = B02CFDD52C6F75C400462EF9 /* XCRemoteSwiftPackageReference "RxSwift" */;
			productName = RxCocoa;
		};
		B02CFDD82C6F75C500462EF9 /* RxSwift */ = {
			isa = XCSwiftPackageProductDependency;
			package = B02CFDD52C6F75C400462EF9 /* XCRemoteSwiftPackageReference "RxSwift" */;
			productName = RxSwift;
		};
		B02CFDFC2C70C74900462EF9 /* Alamofire */ = {
			isa = XCSwiftPackageProductDependency;
			package = B02CFDFB2C70C74900462EF9 /* XCRemoteSwiftPackageReference "Alamofire" */;
			productName = Alamofire;
		};
		B03934AD2C7724BA00EB34CD /* Tabman */ = {
			isa = XCSwiftPackageProductDependency;
			package = B03934AC2C7724BA00EB34CD /* XCRemoteSwiftPackageReference "Tabman" */;
			productName = Tabman;
		};
/* End XCSwiftPackageProductDependency section */
	};
	rootObject = B0DF57522C6CE84C00CAB497 /* Project object */;
}
